
Microsoft Visual Studio Solution File, Format Version 12.00
Project("{F2A71F9B-5D33-465A-A702-920D77279786}") = "fs_project", "fs_project\fs_project.fsproj", "{B9165D19-56A8-410E-B2A0-AD7FCF777C10}"
EndProject
Global
	GlobalSection(SolutionConfigurationPlatforms) = preSolution
		Debug|Any CPU = Debug|Any CPU
		Release|Any CPU = Release|Any CPU
	EndGlobalSection
	GlobalSection(ProjectConfigurationPlatforms) = postSolution
		{B9165D19-56A8-410E-B2A0-AD7FCF777C10}.Debug|Any CPU.ActiveCfg = Debug|Any CPU
		{B9165D19-56A8-410E-B2A0-AD7FCF777C10}.Debug|Any CPU.Build.0 = Debug|Any CPU
		{B9165D19-56A8-410E-B2A0-AD7FCF777C10}.Release|Any CPU.ActiveCfg = Release|Any CPU
		{B9165D19-56A8-410E-B2A0-AD7FCF777C10}.Release|Any CPU.Build.0 = Release|Any CPU
	EndGlobalSection
EndGlobal
